
Microsoft Visual Studio Solution File, Format Version 12.00
# Visual Studio Version 17
VisualStudioVersion = 17.11.35327.3
MinimumVisualStudioVersion = 10.0.40219.1
Project("{FAE04EC0-301F-11D3-BF4B-00C04F79EFBC}") = "WebApplication1", "WebApplication1.csproj", "{8E5AE338-F4E1-4A63-A25D-968EB6DF85B2}"
EndProject
Global
	GlobalSection(SolutionConfigurationPlatforms) = preSolution
		Debug|Any CPU = Debug|Any CPU
		Release|Any CPU = Release|Any CPU
	EndGlobalSection
	GlobalSection(ProjectConfigurationPlatforms) = postSolution
		{8E5AE338-F4E1-4A63-A25D-968EB6DF85B2}.Debug|Any CPU.ActiveCfg = Debug|Any CPU
		{8E5AE338-F4E1-4A63-A25D-968EB6DF85B2}.Debug|Any CPU.Build.0 = Debug|Any CPU
		{8E5AE338-F4E1-4A63-A25D-968EB6DF85B2}.Release|Any CPU.ActiveCfg = Release|Any CPU
		{8E5AE338-F4E1-4A63-A25D-968EB6DF85B2}.Release|Any CPU.Build.0 = Release|Any CPU
	EndGlobalSection
	GlobalSection(SolutionProperties) = preSolution
		HideSolutionNode = FALSE
	EndGlobalSection
	GlobalSection(ExtensibilityGlobals) = postSolution
		SolutionGuid = {B4CC3C81-D943-44E5-8DA3-93A2C60A3BE6}
	EndGlobalSection
EndGlobal
